// !$*UTF8*$!
{
	archiveVersion = 1;
	classes = {
	};
	objectVersion = 50;
	objects = {

/* Begin PBXBuildFile section */
		3058D5A525406040008E1CDA /* multiPitchEstimateWithMelodia.cpp in Sources */ = {isa = PBXBuildFile; fileRef = 3058D5A325406040008E1CDA /* multiPitchEstimateWithMelodia.cpp */; };
		3068F70A257931FA00B78C20 /* audioMixer.cpp in Sources */ = {isa = PBXBuildFile; fileRef = 3068F708257931FA00B78C20 /* audioMixer.cpp */; };
		30964F4E253F082000F6A449 /* main.cpp in Sources */ = {isa = PBXBuildFile; fileRef = 30964F4D253F082000F6A449 /* main.cpp */; };
		30964F56253F21C300F6A449 /* streamingMode.cpp in Sources */ = {isa = PBXBuildFile; fileRef = 30964F54253F21C300F6A449 /* streamingMode.cpp */; };
		30964F59253F3B5B00F6A449 /* standardMode.cpp in Sources */ = {isa = PBXBuildFile; fileRef = 30964F57253F3B5B00F6A449 /* standardMode.cpp */; };
		30FD8A872545CDB5001386FE /* multiPitchEstimationStreaming.cpp in Sources */ = {isa = PBXBuildFile; fileRef = 30FD8A852545CDB5001386FE /* multiPitchEstimationStreaming.cpp */; };
/* End PBXBuildFile section */

/* Begin PBXCopyFilesBuildPhase section */
		30964F48253F082000F6A449 /* CopyFiles */ = {
			isa = PBXCopyFilesBuildPhase;
			buildActionMask = 2147483647;
			dstPath = /usr/share/man/man1/;
			dstSubfolderSpec = 0;
			files = (
			);
			runOnlyForDeploymentPostprocessing = 1;
		};
/* End PBXCopyFilesBuildPhase section */

/* Begin PBXFileReference section */
		3058D5A325406040008E1CDA /* multiPitchEstimateWithMelodia.cpp */ = {isa = PBXFileReference; lastKnownFileType = sourcecode.cpp.cpp; path = multiPitchEstimateWithMelodia.cpp; sourceTree = "<group>"; };
		3058D5A425406040008E1CDA /* multiPitchEstimateWithMelodia.hpp */ = {isa = PBXFileReference; lastKnownFileType = sourcecode.cpp.h; path = multiPitchEstimateWithMelodia.hpp; sourceTree = "<group>"; };
		3068F708257931FA00B78C20 /* audioMixer.cpp */ = {isa = PBXFileReference; lastKnownFileType = sourcecode.cpp.cpp; path = audioMixer.cpp; sourceTree = "<group>"; };
		3068F709257931FA00B78C20 /* audioMixer.hpp */ = {isa = PBXFileReference; lastKnownFileType = sourcecode.cpp.h; path = audioMixer.hpp; sourceTree = "<group>"; };
		30964F4A253F082000F6A449 /* Analyser */ = {isa = PBXFileReference; explicitFileType = "compiled.mach-o.executable"; includeInIndex = 0; path = Analyser; sourceTree = BUILT_PRODUCTS_DIR; };
		30964F4D253F082000F6A449 /* main.cpp */ = {isa = PBXFileReference; lastKnownFileType = sourcecode.cpp.cpp; path = main.cpp; sourceTree = "<group>"; };
		30964F54253F21C300F6A449 /* streamingMode.cpp */ = {isa = PBXFileReference; lastKnownFileType = sourcecode.cpp.cpp; path = streamingMode.cpp; sourceTree = "<group>"; };
		30964F55253F21C300F6A449 /* streamingMode.hpp */ = {isa = PBXFileReference; lastKnownFileType = sourcecode.cpp.h; path = streamingMode.hpp; sourceTree = "<group>"; };
		30964F57253F3B5B00F6A449 /* standardMode.cpp */ = {isa = PBXFileReference; lastKnownFileType = sourcecode.cpp.cpp; path = standardMode.cpp; sourceTree = "<group>"; };
		30964F58253F3B5B00F6A449 /* standardMode.hpp */ = {isa = PBXFileReference; lastKnownFileType = sourcecode.cpp.h; path = standardMode.hpp; sourceTree = "<group>"; };
		30FD8A852545CDB5001386FE /* multiPitchEstimationStreaming.cpp */ = {isa = PBXFileReference; lastKnownFileType = sourcecode.cpp.cpp; path = multiPitchEstimationStreaming.cpp; sourceTree = "<group>"; };
		30FD8A862545CDB5001386FE /* multiPitchEstimationStreaming.hpp */ = {isa = PBXFileReference; lastKnownFileType = sourcecode.cpp.h; path = multiPitchEstimationStreaming.hpp; sourceTree = "<group>"; };
/* End PBXFileReference section */

/* Begin PBXFrameworksBuildPhase section */
		30964F47253F082000F6A449 /* Frameworks */ = {
			isa = PBXFrameworksBuildPhase;
			buildActionMask = 2147483647;
			files = (
			);
			runOnlyForDeploymentPostprocessing = 0;
		};
/* End PBXFrameworksBuildPhase section */

/* Begin PBXGroup section */
		30964F41253F082000F6A449 = {
			isa = PBXGroup;
			children = (
				30964F4C253F082000F6A449 /* Analyser */,
				30964F4B253F082000F6A449 /* Products */,
			);
			sourceTree = "<group>";
		};
		30964F4B253F082000F6A449 /* Products */ = {
			isa = PBXGroup;
			children = (
				30964F4A253F082000F6A449 /* Analyser */,
			);
			name = Products;
			sourceTree = "<group>";
		};
		30964F4C253F082000F6A449 /* Analyser */ = {
			isa = PBXGroup;
			children = (
				30964F4D253F082000F6A449 /* main.cpp */,
				3068F709257931FA00B78C20 /* audioMixer.hpp */,
				3068F708257931FA00B78C20 /* audioMixer.cpp */,
				3058D5A325406040008E1CDA /* multiPitchEstimateWithMelodia.cpp */,
				3058D5A425406040008E1CDA /* multiPitchEstimateWithMelodia.hpp */,
				30964F55253F21C300F6A449 /* streamingMode.hpp */,
				30964F54253F21C300F6A449 /* streamingMode.cpp */,
				30964F57253F3B5B00F6A449 /* standardMode.cpp */,
				30964F58253F3B5B00F6A449 /* standardMode.hpp */,
				30FD8A852545CDB5001386FE /* multiPitchEstimationStreaming.cpp */,
				30FD8A862545CDB5001386FE /* multiPitchEstimationStreaming.hpp */,
			);
			path = Analyser;
			sourceTree = "<group>";
		};
/* End PBXGroup section */

/* Begin PBXNativeTarget section */
		30964F49253F082000F6A449 /* Analyser */ = {
			isa = PBXNativeTarget;
			buildConfigurationList = 30964F51253F082000F6A449 /* Build configuration list for PBXNativeTarget "Analyser" */;
			buildPhases = (
				30964F46253F082000F6A449 /* Sources */,
				30964F47253F082000F6A449 /* Frameworks */,
				30964F48253F082000F6A449 /* CopyFiles */,
			);
			buildRules = (
			);
			dependencies = (
			);
			name = Analyser;
			productName = Analyser;
			productReference = 30964F4A253F082000F6A449 /* Analyser */;
			productType = "com.apple.product-type.tool";
		};
/* End PBXNativeTarget section */

/* Begin PBXProject section */
		30964F42253F082000F6A449 /* Project object */ = {
			isa = PBXProject;
			attributes = {
				LastUpgradeCheck = 1130;
				ORGANIZATIONNAME = GlobalMusic;
				TargetAttributes = {
					30964F49253F082000F6A449 = {
						CreatedOnToolsVersion = 11.3.1;
					};
				};
			};
			buildConfigurationList = 30964F45253F082000F6A449 /* Build configuration list for PBXProject "Analyser" */;
			compatibilityVersion = "Xcode 9.3";
			developmentRegion = en;
			hasScannedForEncodings = 0;
			knownRegions = (
				en,
				Base,
			);
			mainGroup = 30964F41253F082000F6A449;
			productRefGroup = 30964F4B253F082000F6A449 /* Products */;
			projectDirPath = "";
			projectRoot = "";
			targets = (
				30964F49253F082000F6A449 /* Analyser */,
			);
		};
/* End PBXProject section */

/* Begin PBXSourcesBuildPhase section */
		30964F46253F082000F6A449 /* Sources */ = {
			isa = PBXSourcesBuildPhase;
			buildActionMask = 2147483647;
			files = (
				30964F4E253F082000F6A449 /* main.cpp in Sources */,
				3058D5A525406040008E1CDA /* multiPitchEstimateWithMelodia.cpp in Sources */,
				30FD8A872545CDB5001386FE /* multiPitchEstimationStreaming.cpp in Sources */,
				30964F59253F3B5B00F6A449 /* standardMode.cpp in Sources */,
				3068F70A257931FA00B78C20 /* audioMixer.cpp in Sources */,
				30964F56253F21C300F6A449 /* streamingMode.cpp in Sources */,
			);
			runOnlyForDeploymentPostprocessing = 0;
		};
/* End PBXSourcesBuildPhase section */

/* Begin XCBuildConfiguration section */
		30964F4F253F082000F6A449 /* Debug */ = {
			isa = XCBuildConfiguration;
			buildSettings = {
				ALWAYS_SEARCH_USER_PATHS = NO;
				CLANG_ANALYZER_NONNULL = YES;
				CLANG_ANALYZER_NUMBER_OBJECT_CONVERSION = YES_AGGRESSIVE;
				CLANG_CXX_LANGUAGE_STANDARD = "gnu++14";
				CLANG_CXX_LIBRARY = "libc++";
				CLANG_ENABLE_MODULES = YES;
				CLANG_ENABLE_OBJC_ARC = YES;
				CLANG_ENABLE_OBJC_WEAK = YES;
				CLANG_WARN_BLOCK_CAPTURE_AUTORELEASING = YES;
				CLANG_WARN_BOOL_CONVERSION = YES;
				CLANG_WARN_COMMA = YES;
				CLANG_WARN_CONSTANT_CONVERSION = YES;
				CLANG_WARN_DEPRECATED_OBJC_IMPLEMENTATIONS = YES;
				CLANG_WARN_DIRECT_OBJC_ISA_USAGE = YES_ERROR;
				CLANG_WARN_DOCUMENTATION_COMMENTS = YES;
				CLANG_WARN_EMPTY_BODY = YES;
				CLANG_WARN_ENUM_CONVERSION = YES;
				CLANG_WARN_INFINITE_RECURSION = YES;
				CLANG_WARN_INT_CONVERSION = YES;
				CLANG_WARN_NON_LITERAL_NULL_CONVERSION = YES;
				CLANG_WARN_OBJC_IMPLICIT_RETAIN_SELF = YES;
				CLANG_WARN_OBJC_LITERAL_CONVERSION = YES;
				CLANG_WARN_OBJC_ROOT_CLASS = YES_ERROR;
				CLANG_WARN_RANGE_LOOP_ANALYSIS = YES;
				CLANG_WARN_STRICT_PROTOTYPES = YES;
				CLANG_WARN_SUSPICIOUS_MOVE = YES;
				CLANG_WARN_UNGUARDED_AVAILABILITY = YES_AGGRESSIVE;
				CLANG_WARN_UNREACHABLE_CODE = YES;
				CLANG_WARN__DUPLICATE_METHOD_MATCH = YES;
				COPY_PHASE_STRIP = NO;
				DEBUG_INFORMATION_FORMAT = dwarf;
				ENABLE_STRICT_OBJC_MSGSEND = YES;
				ENABLE_TESTABILITY = YES;
				GCC_C_LANGUAGE_STANDARD = gnu11;
				GCC_DYNAMIC_NO_PIC = NO;
				GCC_NO_COMMON_BLOCKS = YES;
				GCC_OPTIMIZATION_LEVEL = 0;
				GCC_PREPROCESSOR_DEFINITIONS = (
					"DEBUG=1",
					"$(inherited)",
				);
				GCC_WARN_64_TO_32_BIT_CONVERSION = YES;
				GCC_WARN_ABOUT_RETURN_TYPE = YES_ERROR;
				GCC_WARN_UNDECLARED_SELECTOR = YES;
				GCC_WARN_UNINITIALIZED_AUTOS = YES_AGGRESSIVE;
				GCC_WARN_UNUSED_FUNCTION = YES;
				GCC_WARN_UNUSED_VARIABLE = YES;
				HEADER_SEARCH_PATHS = /usr/local/include;
				LIBRARY_SEARCH_PATHS = (
					/usr/local/lib/usr/local/Cellar,
					/usr/local/lib,
				);
				MACOSX_DEPLOYMENT_TARGET = 10.15;
				MTL_ENABLE_DEBUG_INFO = INCLUDE_SOURCE;
				MTL_FAST_MATH = YES;
				ONLY_ACTIVE_ARCH = YES;
				OTHER_LDFLAGS = (
					"-lessentia",
					"-lfftw3f",
					"-lavformat",
					"-lavcodec",
					"-lavutil",
					"-lavresample",
					"-lsamplerate",
					"-ltag",
					"-lyaml",
					"-lchromaprint",
				);
				SDKROOT = macosx;
			};
			name = Debug;
		};
		30964F50253F082000F6A449 /* Release */ = {
			isa = XCBuildConfiguration;
			buildSettings = {
				ALWAYS_SEARCH_USER_PATHS = NO;
				CLANG_ANALYZER_NONNULL = YES;
				CLANG_ANALYZER_NUMBER_OBJECT_CONVERSION = YES_AGGRESSIVE;
				CLANG_CXX_LANGUAGE_STANDARD = "gnu++14";
				CLANG_CXX_LIBRARY = "libc++";
				CLANG_ENABLE_MODULES = YES;
				CLANG_ENABLE_OBJC_ARC = YES;
				CLANG_ENABLE_OBJC_WEAK = YES;
				CLANG_WARN_BLOCK_CAPTURE_AUTORELEASING = YES;
				CLANG_WARN_BOOL_CONVERSION = YES;
				CLANG_WARN_COMMA = YES;
				CLANG_WARN_CONSTANT_CONVERSION = YES;
				CLANG_WARN_DEPRECATED_OBJC_IMPLEMENTATIONS = YES;
				CLANG_WARN_DIRECT_OBJC_ISA_USAGE = YES_ERROR;
				CLANG_WARN_DOCUMENTATION_COMMENTS = YES;
				CLANG_WARN_EMPTY_BODY = YES;
				CLANG_WARN_ENUM_CONVERSION = YES;
				CLANG_WARN_INFINITE_RECURSION = YES;
				CLANG_WARN_INT_CONVERSION = YES;
				CLANG_WARN_NON_LITERAL_NULL_CONVERSION = YES;
				CLANG_WARN_OBJC_IMPLICIT_RETAIN_SELF = YES;
				CLANG_WARN_OBJC_LITERAL_CONVERSION = YES;
				CLANG_WARN_OBJC_ROOT_CLASS = YES_ERROR;
				CLANG_WARN_RANGE_LOOP_ANALYSIS = YES;
				CLANG_WARN_STRICT_PROTOTYPES = YES;
				CLANG_WARN_SUSPICIOUS_MOVE = YES;
				CLANG_WARN_UNGUARDED_AVAILABILITY = YES_AGGRESSIVE;
				CLANG_WARN_UNREACHABLE_CODE = YES;
				CLANG_WARN__DUPLICATE_METHOD_MATCH = YES;
				COPY_PHASE_STRIP = NO;
				DEBUG_INFORMATION_FORMAT = "dwarf-with-dsym";
				ENABLE_NS_ASSERTIONS = NO;
				ENABLE_STRICT_OBJC_MSGSEND = YES;
				GCC_C_LANGUAGE_STANDARD = gnu11;
				GCC_NO_COMMON_BLOCKS = YES;
				GCC_WARN_64_TO_32_BIT_CONVERSION = YES;
				GCC_WARN_ABOUT_RETURN_TYPE = YES_ERROR;
				GCC_WARN_UNDECLARED_SELECTOR = YES;
				GCC_WARN_UNINITIALIZED_AUTOS = YES_AGGRESSIVE;
				GCC_WARN_UNUSED_FUNCTION = YES;
				GCC_WARN_UNUSED_VARIABLE = YES;
				HEADER_SEARCH_PATHS = /usr/local/include;
				LIBRARY_SEARCH_PATHS = (
					/usr/local/lib/usr/local/Cellar,
					/usr/local/lib,
				);
				MACOSX_DEPLOYMENT_TARGET = 10.15;
				MTL_ENABLE_DEBUG_INFO = NO;
				MTL_FAST_MATH = YES;
				OTHER_LDFLAGS = (
					"-lessentia",
					"-lfftw3f",
					"-lavformat",
					"-lavcodec",
					"-lavutil",
					"-lavresample",
					"-lsamplerate",
					"-ltag",
					"-lyaml",
					"-lchromaprint",
				);
				SDKROOT = macosx;
			};
			name = Release;
		};
		30964F52253F082000F6A449 /* Debug */ = {
			isa = XCBuildConfiguration;
			buildSettings = {
				CODE_SIGN_STYLE = Automatic;
				PRODUCT_NAME = "$(TARGET_NAME)";
			};
			name = Debug;
		};
		30964F53253F082000F6A449 /* Release */ = {
			isa = XCBuildConfiguration;
			buildSettings = {
				CODE_SIGN_STYLE = Automatic;
				PRODUCT_NAME = "$(TARGET_NAME)";
			};
			name = Release;
		};
/* End XCBuildConfiguration section */

/* Begin XCConfigurationList section */
		30964F45253F082000F6A449 /* Build configuration list for PBXProject "Analyser" */ = {
			isa = XCConfigurationList;
			buildConfigurations = (
				30964F4F253F082000F6A449 /* Debug */,
				30964F50253F082000F6A449 /* Release */,
			);
			defaultConfigurationIsVisible = 0;
			defaultConfigurationName = Release;
		};
		30964F51253F082000F6A449 /* Build configuration list for PBXNativeTarget "Analyser" */ = {
			isa = XCConfigurationList;
			buildConfigurations = (
				30964F52253F082000F6A449 /* Debug */,
				30964F53253F082000F6A449 /* Release */,
			);
			defaultConfigurationIsVisible = 0;
			defaultConfigurationName = Release;
		};
/* End XCConfigurationList section */
	};
	rootObject = 30964F42253F082000F6A449 /* Project object */;
}
